
Microsoft Visual Studio Solution File, Format Version 12.00
# Visual Studio Version 17
VisualStudioVersion = 17.3.32714.290
MinimumVisualStudioVersion = 10.0.40219.1
Project("{FAE04EC0-301F-11D3-BF4B-00C04F79EFBC}") = "AutoWarhead", "AutoWarhead\AutoWarhead.csproj", "{EB75605B-5D05-479D-A785-EC59863B5B92}"
EndProject
Global
	GlobalSection(SolutionConfigurationPlatforms) = preSolution
		Debug|Any CPU = Debug|Any CPU
		Release|Any CPU = Release|Any CPU
	EndGlobalSection
	GlobalSection(ProjectConfigurationPlatforms) = postSolution
		{EB75605B-5D05-479D-A785-EC59863B5B92}.Debug|Any CPU.ActiveCfg = Debug|Any CPU
		{EB75605B-5D05-479D-A785-EC59863B5B92}.Debug|Any CPU.Build.0 = Debug|Any CPU
		{EB75605B-5D05-479D-A785-EC59863B5B92}.Release|Any CPU.ActiveCfg = Release|Any CPU
		{EB75605B-5D05-479D-A785-EC59863B5B92}.Release|Any CPU.Build.0 = Release|Any CPU
	EndGlobalSection
	GlobalSection(SolutionProperties) = preSolution
		HideSolutionNode = FALSE
	EndGlobalSection
	GlobalSection(ExtensibilityGlobals) = postSolution
		SolutionGuid = {22DE03D1-9CCD-451E-8A1E-1C156443E688}
	EndGlobalSection
EndGlobal
